<?xml version="1.0" encoding="utf-8"?>
<Project ToolsVersion="4.0" xmlns="http://schemas.microsoft.com/developer/msbuild/2003">
  <ItemGroup>
    <Filter Include="Source Files">
      <UniqueIdentifier>{4FC737F1-C7A5-4376-A066-2A32D752A2FF}</UniqueIdentifier>
      <Extensions>cpp;c;cc;cxx;c++;cppm;ixx;def;odl;idl;hpj;bat;asm;asmx</Extensions>
    </Filter>
    <Filter Include="Header Files">
      <UniqueIdentifier>{93995380-89BD-4b04-88EB-625FBE52EBFB}</UniqueIdentifier>
      <Extensions>h;hh;hpp;hxx;h++;hm;inl;inc;ipp;xsd</Extensions>
    </Filter>
    <Filter Include="Resource Files">
      <UniqueIdentifier>{67DA6AB6-F800-4c08-8B7A-83BB121AAD01}</UniqueIdentifier>
      <Extensions>rc;ico;cur;bmp;dlg;rc2;rct;bin;rgs;gif;jpg;jpeg;jpe;resx;tiff;tif;png;wav;mfcribbon-ms</Extensions>
    </Filter>
    <Filter Include="Source Files\Map">
      <UniqueIdentifier>{10aa0187-23c3-4bf6-bcaf-f7de7982d1ac}</UniqueIdentifier>
    </Filter>
    <Filter Include="Source Files\Map\MapTile">
      <UniqueIdentifier>{949ddf71-81a6-4d2b-b7db-909496fa1038}</UniqueIdentifier>
    </Filter>
    <Filter Include="Source Files\Map\MapSingleton">
      <UniqueIdentifier>{c035027e-8a42-4f4e-9546-ec8fb42cafa1}</UniqueIdentifier>
    </Filter>
  </ItemGroup>
  <ItemGroup>
    <ClCompile Include="..\..\src\AdditionalPylonsClient.cpp">
      <Filter>Source Files</Filter>
    </ClCompile>
    <ClCompile Include="..\..\src\AdditionalPylonsModule.cpp">
      <Filter>Source Files</Filter>
    </ClCompile>
    <ClCompile Include="..\AdditionalPylons\MapTile.cpp">
      <Filter>Source Files\Map\MapTile</Filter>
    </ClCompile>
    <ClCompile Include="MapSingleton.cpp">
      <Filter>Source Files\Map\MapSingleton</Filter>
    </ClCompile>
  </ItemGroup>
  <ItemGroup>
    <ClInclude Include="..\..\src\AdditionalPylonsModule.h">
      <Filter>Source Files</Filter>
    </ClInclude>
    <ClInclude Include="..\AdditionalPylons\MapTile.h">
      <Filter>Source Files\Map\MapTile</Filter>
    </ClInclude>
    <ClInclude Include="MapSingleton.h">
      <Filter>Source Files\Map\MapSingleton</Filter>
    </ClInclude>
  </ItemGroup>
</Project>